<?xml version="1.0" encoding="utf-8"?>
<Project ToolsVersion="4.0" xmlns="http://schemas.microsoft.com/developer/msbuild/2003">
  <ItemGroup>
    <ClInclude Include="ThreadManager.h">
      <Filter>Thread</Filter>
    </ClInclude>
    <ClInclude Include="pch.h">
      <Filter>Main</Filter>
    </ClInclude>
    <ClInclude Include="TLS.h">
      <Filter>Thread</Filter>
    </ClInclude>
    <ClInclude Include="Types.h">
      <Filter>Main</Filter>
    </ClInclude>
    <ClInclude Include="Macro.h">
      <Filter>Main</Filter>
    </ClInclude>
    <ClInclude Include="Lock.h">
      <Filter>Thread\Lock</Filter>
    </ClInclude>
    <ClInclude Include="DeadLockProfiler.h">
      <Filter>Thread</Filter>
    </ClInclude>
    <ClInclude Include="UtilGlobal.h">
      <Filter>Main</Filter>
    </ClInclude>
    <ClInclude Include="ObjectPool.h">
      <Filter>ObjectPool</Filter>
    </ClInclude>
    <ClInclude Include="Job.h">
      <Filter>Job</Filter>
    </ClInclude>
    <ClInclude Include="JobQueue.h">
      <Filter>Job</Filter>
    </ClInclude>
    <ClInclude Include="LockQueue.h">
      <Filter>LockQueue</Filter>
    </ClInclude>
    <ClInclude Include="GlobalQueue.h">
      <Filter>GlobalQueue</Filter>
    </ClInclude>
  </ItemGroup>
  <ItemGroup>
    <ClCompile Include="ThreadManager.cpp">
      <Filter>Thread</Filter>
    </ClCompile>
    <ClCompile Include="pch.cpp">
      <Filter>Main</Filter>
    </ClCompile>
    <ClCompile Include="TLS.cpp">
      <Filter>Thread</Filter>
    </ClCompile>
    <ClCompile Include="Lock.cpp">
      <Filter>Thread\Lock</Filter>
    </ClCompile>
    <ClCompile Include="DeadLockProfiler.cpp">
      <Filter>Thread</Filter>
    </ClCompile>
    <ClCompile Include="UtilGlobal.cpp">
      <Filter>Main</Filter>
    </ClCompile>
    <ClCompile Include="Job.cpp">
      <Filter>Job</Filter>
    </ClCompile>
    <ClCompile Include="JobQueue.cpp">
      <Filter>Job</Filter>
    </ClCompile>
    <ClCompile Include="LockQueue.cpp">
      <Filter>LockQueue</Filter>
    </ClCompile>
    <ClCompile Include="GlobalQueue.cpp">
      <Filter>GlobalQueue</Filter>
    </ClCompile>
  </ItemGroup>
  <ItemGroup>
    <Filter Include="Thread">
      <UniqueIdentifier>{d3f71fb9-e623-4064-8770-37a7b8ab1050}</UniqueIdentifier>
    </Filter>
    <Filter Include="Main">
      <UniqueIdentifier>{e556fd55-44a3-465f-ad43-0be96ce8a930}</UniqueIdentifier>
    </Filter>
    <Filter Include="Thread\Lock">
      <UniqueIdentifier>{c0567a3e-6e1d-42d2-80a7-1ce88fab432e}</UniqueIdentifier>
    </Filter>
    <Filter Include="ObjectPool">
      <UniqueIdentifier>{b33117f8-3b0e-4681-9876-83b68ade5205}</UniqueIdentifier>
    </Filter>
    <Filter Include="Job">
      <UniqueIdentifier>{6caae510-c2d7-45e2-b982-ddf3f0ba5973}</UniqueIdentifier>
    </Filter>
    <Filter Include="LockQueue">
      <UniqueIdentifier>{3f174cf4-da38-43e6-bf0e-915a0e64f064}</UniqueIdentifier>
    </Filter>
    <Filter Include="GlobalQueue">
      <UniqueIdentifier>{f532bea4-f485-4d34-94c8-991aa1b82251}</UniqueIdentifier>
    </Filter>
  </ItemGroup>
</Project>