<?xml version="1.0" encoding="utf-8"?>
<Project ToolsVersion="4.0" xmlns="http://schemas.microsoft.com/developer/msbuild/2003">
  <ItemGroup>
    <ClCompile Include="NetAddress.cpp">
      <Filter>Network</Filter>
    </ClCompile>
    <ClCompile Include="SocketUtils.cpp">
      <Filter>Network</Filter>
    </ClCompile>
    <ClCompile Include="pch.cpp">
      <Filter>Main</Filter>
    </ClCompile>
    <ClCompile Include="IocpCore.cpp">
      <Filter>Network</Filter>
    </ClCompile>
    <ClCompile Include="IocpEvent.cpp">
      <Filter>Network</Filter>
    </ClCompile>
    <ClCompile Include="Session.cpp">
      <Filter>Network</Filter>
    </ClCompile>
    <ClCompile Include="Listener.cpp">
      <Filter>Network</Filter>
    </ClCompile>
    <ClCompile Include="Service.cpp">
      <Filter>Network</Filter>
    </ClCompile>
    <ClCompile Include="RecvBuffer.cpp">
      <Filter>Network\Buffer</Filter>
    </ClCompile>
    <ClCompile Include="Sender.cpp">
      <Filter>Network\Send</Filter>
    </ClCompile>
    <ClCompile Include="SendPool.cpp">
      <Filter>Network\Send</Filter>
    </ClCompile>
    <ClCompile Include="PacketHandler.cpp">
      <Filter>Network\Handler</Filter>
    </ClCompile>
  </ItemGroup>
  <ItemGroup>
    <ClInclude Include="NetAddress.h">
      <Filter>Network</Filter>
    </ClInclude>
    <ClInclude Include="SocketUtils.h">
      <Filter>Network</Filter>
    </ClInclude>
    <ClInclude Include="pch.h">
      <Filter>Main</Filter>
    </ClInclude>
    <ClInclude Include="IocpCore.h">
      <Filter>Network</Filter>
    </ClInclude>
    <ClInclude Include="IocpEvent.h">
      <Filter>Network</Filter>
    </ClInclude>
    <ClInclude Include="Session.h">
      <Filter>Network</Filter>
    </ClInclude>
    <ClInclude Include="Listener.h">
      <Filter>Network</Filter>
    </ClInclude>
    <ClInclude Include="Service.h">
      <Filter>Network</Filter>
    </ClInclude>
    <ClInclude Include="RecvBuffer.h">
      <Filter>Network\Buffer</Filter>
    </ClInclude>
    <ClInclude Include="Sender.h">
      <Filter>Network\Send</Filter>
    </ClInclude>
    <ClInclude Include="SendPool.h">
      <Filter>Network\Send</Filter>
    </ClInclude>
    <ClInclude Include="Handler.h">
      <Filter>Network\Handler</Filter>
    </ClInclude>
    <ClInclude Include="PacketHandler.h">
      <Filter>Network\Handler</Filter>
    </ClInclude>
    <ClInclude Include="PacketHeader.h">
      <Filter>Network\Handler</Filter>
    </ClInclude>
  </ItemGroup>
  <ItemGroup>
    <Filter Include="Network">
      <UniqueIdentifier>{bae1c95a-2d38-4c56-946a-2a6624376228}</UniqueIdentifier>
    </Filter>
    <Filter Include="Main">
      <UniqueIdentifier>{4da3f59d-2c33-44b2-9b2c-3bc3050be5c8}</UniqueIdentifier>
    </Filter>
    <Filter Include="Network\Buffer">
      <UniqueIdentifier>{bab73c24-9b6c-4aa2-b6fc-18732077277d}</UniqueIdentifier>
    </Filter>
    <Filter Include="Network\Send">
      <UniqueIdentifier>{95a9b259-f720-4de4-8108-d9ae0ef5f42a}</UniqueIdentifier>
    </Filter>
    <Filter Include="Network\Handler">
      <UniqueIdentifier>{636fc81f-ca67-4b69-8ce6-449f8cf720b5}</UniqueIdentifier>
    </Filter>
  </ItemGroup>
</Project>