
Microsoft Visual Studio Solution File, Format Version 12.00
# Visual Studio Version 17
VisualStudioVersion = 17.12.35506.116
MinimumVisualStudioVersion = 10.0.40219.1
Project("{8BC9CEB8-8B4A-11D0-8D11-00A0C91BC942}") = "DhNet_Client", "DhNet_Client\DhNet_Client.vcxproj", "{B355418B-818C-4C21-A45F-B30A8799F4D9}"
	ProjectSection(ProjectDependencies) = postProject
		{3C45EDD2-8035-4384-A437-3E2DFA5DA401} = {3C45EDD2-8035-4384-A437-3E2DFA5DA401}
	EndProjectSection
EndProject
Project("{8BC9CEB8-8B4A-11D0-8D11-00A0C91BC942}") = "DhNet_Protocol", "..\DhNet_Server\DhNet_Protocol\DhNet_Protocol.vcxproj", "{3C45EDD2-8035-4384-A437-3E2DFA5DA401}"
EndProject
Global
	GlobalSection(SolutionConfigurationPlatforms) = preSolution
		Debug|x64 = Debug|x64
		Debug|x86 = Debug|x86
		Release|x64 = Release|x64
		Release|x86 = Release|x86
	EndGlobalSection
	GlobalSection(ProjectConfigurationPlatforms) = postSolution
		{B355418B-818C-4C21-A45F-B30A8799F4D9}.Debug|x64.ActiveCfg = Debug|x64
		{B355418B-818C-4C21-A45F-B30A8799F4D9}.Debug|x64.Build.0 = Debug|x64
		{B355418B-818C-4C21-A45F-B30A8799F4D9}.Debug|x86.ActiveCfg = Debug|Win32
		{B355418B-818C-4C21-A45F-B30A8799F4D9}.Debug|x86.Build.0 = Debug|Win32
		{B355418B-818C-4C21-A45F-B30A8799F4D9}.Release|x64.ActiveCfg = Release|x64
		{B355418B-818C-4C21-A45F-B30A8799F4D9}.Release|x64.Build.0 = Release|x64
		{B355418B-818C-4C21-A45F-B30A8799F4D9}.Release|x86.ActiveCfg = Release|Win32
		{B355418B-818C-4C21-A45F-B30A8799F4D9}.Release|x86.Build.0 = Release|Win32
		{3C45EDD2-8035-4384-A437-3E2DFA5DA401}.Debug|x64.ActiveCfg = Debug|x64
		{3C45EDD2-8035-4384-A437-3E2DFA5DA401}.Debug|x64.Build.0 = Debug|x64
		{3C45EDD2-8035-4384-A437-3E2DFA5DA401}.Debug|x86.ActiveCfg = Debug|Win32
		{3C45EDD2-8035-4384-A437-3E2DFA5DA401}.Debug|x86.Build.0 = Debug|Win32
		{3C45EDD2-8035-4384-A437-3E2DFA5DA401}.Release|x64.ActiveCfg = Release|x64
		{3C45EDD2-8035-4384-A437-3E2DFA5DA401}.Release|x64.Build.0 = Release|x64
		{3C45EDD2-8035-4384-A437-3E2DFA5DA401}.Release|x86.ActiveCfg = Release|Win32
		{3C45EDD2-8035-4384-A437-3E2DFA5DA401}.Release|x86.Build.0 = Release|Win32
	EndGlobalSection
	GlobalSection(SolutionProperties) = preSolution
		HideSolutionNode = FALSE
	EndGlobalSection
EndGlobal
